
Microsoft Visual Studio Solution File, Format Version 12.00
# Visual Studio Version 17
VisualStudioVersion = 17.14.36429.23 d17.14
MinimumVisualStudioVersion = 10.0.40219.1
Project("{FAE04EC0-301F-11D3-BF4B-00C04F79EFBC}") = "ProgramaciónSemana 3Ejercicio 1", "ProgramaciónSemana 3Ejercicio 1.csproj", "{C9F40EE9-64D7-4A98-A40E-28B4527C3824}"
EndProject
Global
	GlobalSection(SolutionConfigurationPlatforms) = preSolution
		Debug|Any CPU = Debug|Any CPU
		Release|Any CPU = Release|Any CPU
	EndGlobalSection
	GlobalSection(ProjectConfigurationPlatforms) = postSolution
		{C9F40EE9-64D7-4A98-A40E-28B4527C3824}.Debug|Any CPU.ActiveCfg = Debug|Any CPU
		{C9F40EE9-64D7-4A98-A40E-28B4527C3824}.Debug|Any CPU.Build.0 = Debug|Any CPU
		{C9F40EE9-64D7-4A98-A40E-28B4527C3824}.Release|Any CPU.ActiveCfg = Release|Any CPU
		{C9F40EE9-64D7-4A98-A40E-28B4527C3824}.Release|Any CPU.Build.0 = Release|Any CPU
	EndGlobalSection
	GlobalSection(SolutionProperties) = preSolution
		HideSolutionNode = FALSE
	EndGlobalSection
	GlobalSection(ExtensibilityGlobals) = postSolution
		SolutionGuid = {9AF76EBD-69D9-40A5-B985-5F944DC9AB51}
	EndGlobalSection
EndGlobal
